{
  "lockfileVersion": 1,
  "configVersion": 1,
  "workspaces": {
    "": {
      "name": "zero",
    },
    "packages/core": {
      "name": "@zero/core",
    },
    "packages/daemon": {
      "name": "@zero/daemon",
    },
    "packages/protocol": {
      "name": "@zero/protocol",
      "dependencies": {
        "zod": "^3.23.0",
      },
    },
  },
  "packages": {
    "@zero/core": ["@zero/core@workspace:packages/core"],

    "@zero/daemon": ["@zero/daemon@workspace:packages/daemon"],

    "@zero/protocol": ["@zero/protocol@workspace:packages/protocol"],

    "zod": ["zod@3.25.76", "", {}, "sha512-gzUt/qt81nXsFGKIFcC3YnfEAx5NkunCfnDlvuBSSFS02bcXu4Lmea0AFIUwbLWxWPx3d9p8S5QoaujKcNQxcQ=="],
  }
}
